
Microsoft Visual Studio Solution File, Format Version 12.00
# Visual Studio Version 17
VisualStudioVersion = 17.8.34330.188
MinimumVisualStudioVersion = 10.0.40219.1
Project("{FAE04EC0-301F-11D3-BF4B-00C04F79EFBC}") = "IBMIndex", "IBMIndex\IBMIndex.csproj", "{485D421A-3167-4BAD-A4AC-A849CC8A9F70}"
EndProject
Global
	GlobalSection(SolutionConfigurationPlatforms) = preSolution
		Debug|Any CPU = Debug|Any CPU
		Release|Any CPU = Release|Any CPU
	EndGlobalSection
	GlobalSection(ProjectConfigurationPlatforms) = postSolution
		{485D421A-3167-4BAD-A4AC-A849CC8A9F70}.Debug|Any CPU.ActiveCfg = Debug|Any CPU
		{485D421A-3167-4BAD-A4AC-A849CC8A9F70}.Debug|Any CPU.Build.0 = Debug|Any CPU
		{485D421A-3167-4BAD-A4AC-A849CC8A9F70}.Release|Any CPU.ActiveCfg = Release|Any CPU
		{485D421A-3167-4BAD-A4AC-A849CC8A9F70}.Release|Any CPU.Build.0 = Release|Any CPU
	EndGlobalSection
	GlobalSection(SolutionProperties) = preSolution
		HideSolutionNode = FALSE
	EndGlobalSection
	GlobalSection(ExtensibilityGlobals) = postSolution
		SolutionGuid = {76508D4F-70CE-4129-A428-1182433B2781}
	EndGlobalSection
EndGlobal
